
Microsoft Visual Studio Solution File, Format Version 12.00
# Visual Studio 2013
VisualStudioVersion = 12.0.21005.1
MinimumVisualStudioVersion = 10.0.40219.1
Project("{FAE04EC0-301F-11D3-BF4B-00C04F79EFBC}") = "Pharmachy", "Pharmachy\Pharmachy.csproj", "{9ED590A9-79D9-47A9-B47B-0DC3A4EE60C6}"
EndProject
Project("{FAE04EC0-301F-11D3-BF4B-00C04F79EFBC}") = "Pharma.BLL", "Pharma.BLL\Pharma.BLL.csproj", "{0A52DC73-2374-4C84-A276-07A22EFDF218}"
EndProject
Project("{FAE04EC0-301F-11D3-BF4B-00C04F79EFBC}") = "Pharma.DAL", "Pharma.DAL\Pharma.DAL.csproj", "{679BCC8B-5394-4DE3-88EE-264BBB5B26D5}"
EndProject
Project("{FAE04EC0-301F-11D3-BF4B-00C04F79EFBC}") = "Pharma.Utility", "Pharma.Utility\Pharma.Utility.csproj", "{AACAE146-C918-4D15-98BA-7BFA1EDE4BF5}"
EndProject
Global
	GlobalSection(SolutionConfigurationPlatforms) = preSolution
		Debug|Any CPU = Debug|Any CPU
		Release|Any CPU = Release|Any CPU
	EndGlobalSection
	GlobalSection(ProjectConfigurationPlatforms) = postSolution
		{9ED590A9-79D9-47A9-B47B-0DC3A4EE60C6}.Debug|Any CPU.ActiveCfg = Debug|Any CPU
		{9ED590A9-79D9-47A9-B47B-0DC3A4EE60C6}.Debug|Any CPU.Build.0 = Debug|Any CPU
		{9ED590A9-79D9-47A9-B47B-0DC3A4EE60C6}.Release|Any CPU.ActiveCfg = Release|Any CPU
		{9ED590A9-79D9-47A9-B47B-0DC3A4EE60C6}.Release|Any CPU.Build.0 = Release|Any CPU
		{0A52DC73-2374-4C84-A276-07A22EFDF218}.Debug|Any CPU.ActiveCfg = Debug|Any CPU
		{0A52DC73-2374-4C84-A276-07A22EFDF218}.Debug|Any CPU.Build.0 = Debug|Any CPU
		{0A52DC73-2374-4C84-A276-07A22EFDF218}.Release|Any CPU.ActiveCfg = Release|Any CPU
		{0A52DC73-2374-4C84-A276-07A22EFDF218}.Release|Any CPU.Build.0 = Release|Any CPU
		{679BCC8B-5394-4DE3-88EE-264BBB5B26D5}.Debug|Any CPU.ActiveCfg = Debug|Any CPU
		{679BCC8B-5394-4DE3-88EE-264BBB5B26D5}.Debug|Any CPU.Build.0 = Debug|Any CPU
		{679BCC8B-5394-4DE3-88EE-264BBB5B26D5}.Release|Any CPU.ActiveCfg = Release|Any CPU
		{679BCC8B-5394-4DE3-88EE-264BBB5B26D5}.Release|Any CPU.Build.0 = Release|Any CPU
		{AACAE146-C918-4D15-98BA-7BFA1EDE4BF5}.Debug|Any CPU.ActiveCfg = Debug|Any CPU
		{AACAE146-C918-4D15-98BA-7BFA1EDE4BF5}.Debug|Any CPU.Build.0 = Debug|Any CPU
		{AACAE146-C918-4D15-98BA-7BFA1EDE4BF5}.Release|Any CPU.ActiveCfg = Release|Any CPU
		{AACAE146-C918-4D15-98BA-7BFA1EDE4BF5}.Release|Any CPU.Build.0 = Release|Any CPU
	EndGlobalSection
	GlobalSection(SolutionProperties) = preSolution
		HideSolutionNode = FALSE
	EndGlobalSection
EndGlobal
